# THIS IS AN AUTOGENERATED FILE. DO NOT EDIT THIS FILE DIRECTLY.
# yarn lockfile v1


accepts@^1.2.2:
  version "1.3.5"
  resolved "http://registry.npm.taobao.org/accepts/download/accepts-1.3.5.tgz#eb777df6011723a3b14e8a72c0805c8e86746bd2"
  dependencies:
    mime-types "~2.1.18"
    negotiator "0.6.1"

affine-hull@^1.0.0:
  version "1.0.0"
  resolved "https://registry.yarnpkg.com/affine-hull/-/affine-hull-1.0.0.tgz#763ff1d38d063ceb7e272f17ee4d7bbcaf905c5d"
  dependencies:
    robust-orientation "^1.1.3"

align-text@^0.1.1, align-text@^0.1.3:
  version "0.1.4"
  resolved "http://registry.npm.taobao.org/align-text/download/align-text-0.1.4.tgz#0cd90a561093f35d0a99256c22b7069433fad117"
  dependencies:
    kind-of "^3.0.2"
    longest "^1.0.1"
    repeat-string "^1.5.2"

amdefine@>=0.0.4:
  version "1.0.1"
  resolved "http://registry.npm.taobao.org/amdefine/download/amdefine-1.0.1.tgz#4a5282ac164729e93619bcfd3ad151f817ce91f5"

animate.css@^3.6.1:
  version "3.6.1"
  resolved "https://registry.yarnpkg.com/animate.css/-/animate.css-3.6.1.tgz#4ea8a48556378bc8d7535224296c4c0dac9229de"

any-promise@^1.0.0, any-promise@^1.1.0:
  version "1.3.0"
  resolved "http://registry.npm.taobao.org/any-promise/download/any-promise-1.3.0.tgz#abc6afeedcea52e809cdc0376aed3ce39635d17f"

async@^1.4.0:
  version "1.5.2"
  resolved "http://registry.npm.taobao.org/async/download/async-1.5.2.tgz#ec6a61ae56480c0c3cb241c95618e20892f9672a"

axios@^0.18.0:
  version "0.18.0"
  resolved "https://registry.yarnpkg.com/axios/-/axios-0.18.0.tgz#32d53e4851efdc0a11993b6cd000789d70c05102"
  dependencies:
    follow-redirects "^1.3.0"
    is-buffer "^1.1.5"

bit-twiddle@^1.0.0:
  version "1.0.2"
  resolved "https://registry.yarnpkg.com/bit-twiddle/-/bit-twiddle-1.0.2.tgz#0c6c1fabe2b23d17173d9a61b7b7093eb9e1769e"

camelcase@^1.0.2:
  version "1.2.1"
  resolved "http://registry.npm.taobao.org/camelcase/download/camelcase-1.2.1.tgz#9bb5304d2e0b56698b2c758b08a3eaa9daa58a39"

center-align@^0.1.1:
  version "0.1.3"
  resolved "http://registry.npm.taobao.org/center-align/download/center-align-0.1.3.tgz#aa0d32629b6ee972200411cbd4461c907bc2b7ad"
  dependencies:
    align-text "^0.1.3"
    lazy-cache "^1.0.3"

cliui@^2.1.0:
  version "2.1.0"
  resolved "http://registry.npm.taobao.org/cliui/download/cliui-2.1.0.tgz#4b475760ff80264c762c3a1719032e91c7fea0d1"
  dependencies:
    center-align "^0.1.1"
    right-align "^0.1.1"
    wordwrap "0.0.2"

co@^4.6.0:
  version "4.6.0"
  resolved "http://registry.npm.taobao.org/co/download/co-4.6.0.tgz#6ea6bdf3d853ae54ccb8e47bfa0bf3f9031fb184"

content-disposition@~0.5.0:
  version "0.5.2"
  resolved "http://registry.npm.taobao.org/content-disposition/download/content-disposition-0.5.2.tgz#0cf68bb9ddf5f2be7961c3a85178cb85dba78cb4"

content-type@^1.0.0:
  version "1.0.4"
  resolved "http://registry.npm.taobao.org/content-type/download/content-type-1.0.4.tgz#e138cc75e040c727b1966fe5e5f8c9aee256fe3b"

convex-hull@^1.0.3:
  version "1.0.3"
  resolved "https://registry.yarnpkg.com/convex-hull/-/convex-hull-1.0.3.tgz#20a3aa6ce87f4adea2ff7d17971c9fc1c67e1fff"
  dependencies:
    affine-hull "^1.0.0"
    incremental-convex-hull "^1.0.1"
    monotone-convex-hull-2d "^1.0.1"

cookies@~0.7.0:
  version "0.7.1"
  resolved "http://registry.npm.taobao.org/cookies/download/cookies-0.7.1.tgz#7c8a615f5481c61ab9f16c833731bcb8f663b99b"
  dependencies:
    depd "~1.1.1"
    keygrip "~1.0.2"

core-js@^2.5.1:
  version "2.5.4"
  resolved "http://registry.npm.taobao.org/core-js/download/core-js-2.5.4.tgz#f2c8bf181f2a80b92f360121429ce63a2f0aeae0"

crypto@^1.0.1:
  version "1.0.1"
  resolved "https://registry.yarnpkg.com/crypto/-/crypto-1.0.1.tgz#2af1b7cad8175d24c8a1b0778255794a21803037"

debug@*, debug@^3.1.0:
  version "3.1.0"
  resolved "http://registry.npm.taobao.org/debug/download/debug-3.1.0.tgz#5bb5a0672628b64149566ba16819e61518c67261"
  dependencies:
    ms "2.0.0"

decamelize@^1.0.0:
  version "1.2.0"
  resolved "http://registry.npm.taobao.org/decamelize/download/decamelize-1.2.0.tgz#f6534d15148269b20352e7bee26f501f9a191290"

deep-equal@~1.0.1:
  version "1.0.1"
  resolved "http://registry.npm.taobao.org/deep-equal/download/deep-equal-1.0.1.tgz#f5d260292b660e084eff4cdbc9f08ad3247448b5"

delegates@^1.0.0:
  version "1.0.0"
  resolved "http://registry.npm.taobao.org/delegates/download/delegates-1.0.0.tgz#84c6e159b81904fdca59a0ef44cd870d31250f9a"

depd@1.1.1:
  version "1.1.1"
  resolved "http://registry.npm.taobao.org/depd/download/depd-1.1.1.tgz#5783b4e1c459f06fa5ca27f991f3d06e7a310359"

depd@^1.1.0, depd@~1.1.1, depd@~1.1.2:
  version "1.1.2"
  resolved "http://registry.npm.taobao.org/depd/download/depd-1.1.2.tgz#9bcd52e14c097763e749b274c4346ed2e560b5a9"

destroy@^1.0.3:
  version "1.0.4"
  resolved "http://registry.npm.taobao.org/destroy/download/destroy-1.0.4.tgz#978857442c44749e4206613e37946205826abd80"

earcut@^2.0.0:
  version "2.1.3"
  resolved "http://registry.npm.taobao.org/earcut/download/earcut-2.1.3.tgz#ca579545f351941af7c3d0df49c9f7d34af99b0c"

echarts@^4.0.4:
  version "4.0.4"
  resolved "http://registry.npm.taobao.org/echarts/download/echarts-4.0.4.tgz#36aa8a47d33543d3dfe6a7bc1228ddc3a1e41157"
  dependencies:
    zrender "4.0.3"

ee-first@1.1.1:
  version "1.1.1"
  resolved "http://registry.npm.taobao.org/ee-first/download/ee-first-1.1.1.tgz#590c61156b0ae2f4f0255732a158b266bc56b21d"

error-inject@~1.0.0:
  version "1.0.0"
  resolved "http://registry.npm.taobao.org/error-inject/download/error-inject-1.0.0.tgz#e2b3d91b54aed672f309d950d154850fa11d4f37"

escape-html@~1.0.1:
  version "1.0.3"
  resolved "http://registry.npm.taobao.org/escape-html/download/escape-html-1.0.3.tgz#0258eae4d3d0c0974de1c169188ef0051d1d1988"

follow-redirects@^1.3.0:
  version "1.4.1"
  resolved "https://registry.yarnpkg.com/follow-redirects/-/follow-redirects-1.4.1.tgz#d8120f4518190f55aac65bb6fc7b85fcd666d6aa"
  dependencies:
    debug "^3.1.0"

fresh@^0.5.2:
  version "0.5.2"
  resolved "http://registry.npm.taobao.org/fresh/download/fresh-0.5.2.tgz#3d8cadd90d976569fa835ab1f8e4b23a105605a7"

gaugeJS@^1.3.5:
  version "1.3.5"
  resolved "http://registry.npm.taobao.org/gaugeJS/download/gaugeJS-1.3.5.tgz#bf46539fabae55f555c514f75d0b84040c7601d6"

geojson-area@^0.2.1:
  version "0.2.1"
  resolved "https://registry.yarnpkg.com/geojson-area/-/geojson-area-0.2.1.tgz#2537b0982db86309f21d2c428a4257c7a6282cc6"
  dependencies:
    wgs84 "0.0.0"

geojson-normalize@0.0.0:
  version "0.0.0"
  resolved "https://registry.yarnpkg.com/geojson-normalize/-/geojson-normalize-0.0.0.tgz#2dbc3678cd1b31b8179e876bda70cd120dde35c0"

geojson-random@^0.2.2:
  version "0.2.2"
  resolved "https://registry.yarnpkg.com/geojson-random/-/geojson-random-0.2.2.tgz#ab4838f126adc5e16f8f94e655def820f9119dbc"

handlebars@^4.0.11:
  version "4.0.11"
  resolved "http://registry.npm.taobao.org/handlebars/download/handlebars-4.0.11.tgz#630a35dfe0294bc281edae6ffc5d329fc7982dcc"
  dependencies:
    async "^1.4.0"
    optimist "^0.6.1"
    source-map "^0.4.4"
  optionalDependencies:
    uglify-js "^2.6"

http-assert@^1.1.0:
  version "1.3.0"
  resolved "http://registry.npm.taobao.org/http-assert/download/http-assert-1.3.0.tgz#a31a5cf88c873ecbb5796907d4d6f132e8c01e4a"
  dependencies:
    deep-equal "~1.0.1"
    http-errors "~1.6.1"

http-errors@^1.2.8, http-errors@~1.6.1, http-errors@~1.6.2:
  version "1.6.2"
  resolved "http://registry.npm.taobao.org/http-errors/download/http-errors-1.6.2.tgz#0a002cc85707192a7e7946ceedc11155f60ec736"
  dependencies:
    depd "1.1.1"
    inherits "2.0.3"
    setprototypeof "1.0.3"
    statuses ">= 1.3.1 < 2"

http-errors@^1.6.3:
  version "1.6.3"
  resolved "https://registry.yarnpkg.com/http-errors/-/http-errors-1.6.3.tgz#8b55680bb4be283a0b5bf4ea2e38580be1d9320d"
  dependencies:
    depd "~1.1.2"
    inherits "2.0.3"
    setprototypeof "1.1.0"
    statuses ">= 1.4.0 < 2"

incremental-convex-hull@^1.0.1:
  version "1.0.1"
  resolved "https://registry.yarnpkg.com/incremental-convex-hull/-/incremental-convex-hull-1.0.1.tgz#51428c14cb9d9a6144bfe69b2851fb377334be1e"
  dependencies:
    robust-orientation "^1.1.2"
    simplicial-complex "^1.0.0"

inherits@2.0.3:
  version "2.0.3"
  resolved "http://registry.npm.taobao.org/inherits/download/inherits-2.0.3.tgz#633c2c83e3da42a502f52466022480f4208261de"

is-buffer@^1.1.5:
  version "1.1.6"
  resolved "http://registry.npm.taobao.org/is-buffer/download/is-buffer-1.1.6.tgz#efaa2ea9daa0d7ab2ea13a97b2b8ad51fefbe8be"

is-generator-function@^1.0.3:
  version "1.0.7"
  resolved "http://registry.npm.taobao.org/is-generator-function/download/is-generator-function-1.0.7.tgz#d2132e529bb0000a7f80794d4bdf5cd5e5813522"

jquery-autocompleter@^0.3.0:
  version "0.3.0"
  resolved "https://registry.yarnpkg.com/jquery-autocompleter/-/jquery-autocompleter-0.3.0.tgz#4015df5272038c0fe152c56f7989dbb02777c1f5"

jquery@^3.3.1:
  version "3.3.1"
  resolved "http://registry.npm.taobao.org/jquery/download/jquery-3.3.1.tgz#958ce29e81c9790f31be7792df5d4d95fc57fbca"

jsts@1.1.2:
  version "1.1.2"
  resolved "https://registry.yarnpkg.com/jsts/-/jsts-1.1.2.tgz#d205d2cc8393081d9e484ae36282110695edc230"

keygrip@~1.0.2:
  version "1.0.2"
  resolved "http://registry.npm.taobao.org/keygrip/download/keygrip-1.0.2.tgz#ad3297c557069dea8bcfe7a4fa491b75c5ddeb91"

kind-of@^3.0.2:
  version "3.2.2"
  resolved "http://registry.npm.taobao.org/kind-of/download/kind-of-3.2.2.tgz#31ea21a734bab9bbb0f32466d893aea51e4a3c64"
  dependencies:
    is-buffer "^1.1.5"

koa-compose@^3.0.0:
  version "3.2.1"
  resolved "http://registry.npm.taobao.org/koa-compose/download/koa-compose-3.2.1.tgz#a85ccb40b7d986d8e5a345b3a1ace8eabcf54de7"
  dependencies:
    any-promise "^1.1.0"

koa-compose@^4.0.0:
  version "4.0.0"
  resolved "http://registry.npm.taobao.org/koa-compose/download/koa-compose-4.0.0.tgz#2800a513d9c361ef0d63852b038e4f6f2d5a773c"

koa-convert@^1.2.0:
  version "1.2.0"
  resolved "http://registry.npm.taobao.org/koa-convert/download/koa-convert-1.2.0.tgz#da40875df49de0539098d1700b50820cebcd21d0"
  dependencies:
    co "^4.6.0"
    koa-compose "^3.0.0"

koa-is-json@^1.0.0:
  version "1.0.0"
  resolved "http://registry.npm.taobao.org/koa-is-json/download/koa-is-json-1.0.0.tgz#273c07edcdcb8df6a2c1ab7d59ee76491451ec14"

koa-send@^5.0.0:
  version "5.0.0"
  resolved "https://registry.yarnpkg.com/koa-send/-/koa-send-5.0.0.tgz#5e8441e07ef55737734d7ced25b842e50646e7eb"
  dependencies:
    debug "^3.1.0"
    http-errors "^1.6.3"
    mz "^2.7.0"
    resolve-path "^1.4.0"

koa-static@^5.0.0:
  version "5.0.0"
  resolved "https://registry.yarnpkg.com/koa-static/-/koa-static-5.0.0.tgz#5e92fc96b537ad5219f425319c95b64772776943"
  dependencies:
    debug "^3.1.0"
    koa-send "^5.0.0"

koa@2.5.0:
  version "2.5.0"
  resolved "https://registry.yarnpkg.com/koa/-/koa-2.5.0.tgz#b0fbe1e195e43b27588a04fd0be0ddaeca2c154c"
  dependencies:
    accepts "^1.2.2"
    content-disposition "~0.5.0"
    content-type "^1.0.0"
    cookies "~0.7.0"
    debug "*"
    delegates "^1.0.0"
    depd "^1.1.0"
    destroy "^1.0.3"
    error-inject "~1.0.0"
    escape-html "~1.0.1"
    fresh "^0.5.2"
    http-assert "^1.1.0"
    http-errors "^1.2.8"
    is-generator-function "^1.0.3"
    koa-compose "^4.0.0"
    koa-convert "^1.2.0"
    koa-is-json "^1.0.0"
    mime-types "^2.0.7"
    on-finished "^2.1.0"
    only "0.0.2"
    parseurl "^1.3.0"
    statuses "^1.2.0"
    type-is "^1.5.5"
    vary "^1.0.0"

lazy-cache@^1.0.3:
  version "1.0.4"
  resolved "http://registry.npm.taobao.org/lazy-cache/download/lazy-cache-1.0.4.tgz#a1d78fc3a50474cb80845d3b3b6e1da49a446e8e"

lodash-es@^4.17.4:
  version "4.17.8"
  resolved "http://registry.npm.taobao.org/lodash-es/download/lodash-es-4.17.8.tgz#6fa8c8c5d337481df0bdf1c0d899d42473121e45"

lodash@^4.17.5:
  version "4.17.5"
  resolved "http://registry.npm.taobao.org/lodash/download/lodash-4.17.5.tgz#99a92d65c0272debe8c96b6057bc8fbfa3bed511"

longest@^1.0.1:
  version "1.0.1"
  resolved "http://registry.npm.taobao.org/longest/download/longest-1.0.1.tgz#30a0b2da38f73770e8294a0d22e6625ed77d0097"

materialize-css@^1.0.0-beta:
  version "1.0.0-beta"
  resolved "http://registry.npm.taobao.org/materialize-css/download/materialize-css-1.0.0-beta.tgz#fe79bba7faa77d277568b290e1f75b0d8c635926"

media-typer@0.3.0:
  version "0.3.0"
  resolved "http://registry.npm.taobao.org/media-typer/download/media-typer-0.3.0.tgz#8710d7af0aa626f8fffa1ce00168545263255748"

mime-db@~1.33.0:
  version "1.33.0"
  resolved "http://registry.npm.taobao.org/mime-db/download/mime-db-1.33.0.tgz#a3492050a5cb9b63450541e39d9788d2272783db"

mime-types@^2.0.7, mime-types@~2.1.18:
  version "2.1.18"
  resolved "http://registry.npm.taobao.org/mime-types/download/mime-types-2.1.18.tgz#6f323f60a83d11146f831ff11fd66e2fe5503bb8"
  dependencies:
    mime-db "~1.33.0"

minimist@^1.1.0:
  version "1.2.0"
  resolved "http://registry.npm.taobao.org/minimist/download/minimist-1.2.0.tgz#a35008b20f41383eec1fb914f4cd5df79a264284"

minimist@~0.0.1:
  version "0.0.10"
  resolved "http://registry.npm.taobao.org/minimist/download/minimist-0.0.10.tgz#de3f98543dbf96082be48ad1a0c7cda836301dcf"

monotone-convex-hull-2d@^1.0.1:
  version "1.0.1"
  resolved "https://registry.yarnpkg.com/monotone-convex-hull-2d/-/monotone-convex-hull-2d-1.0.1.tgz#47f5daeadf3c4afd37764baa1aa8787a40eee08c"
  dependencies:
    robust-orientation "^1.1.3"

ms@2.0.0:
  version "2.0.0"
  resolved "http://registry.npm.taobao.org/ms/download/ms-2.0.0.tgz#5608aeadfc00be6c2901df5f9861788de0d597c8"

mz@^2.7.0:
  version "2.7.0"
  resolved "https://registry.yarnpkg.com/mz/-/mz-2.7.0.tgz#95008057a56cafadc2bc63dde7f9ff6955948e32"
  dependencies:
    any-promise "^1.0.0"
    object-assign "^4.0.1"
    thenify-all "^1.0.0"

negotiator@0.6.1:
  version "0.6.1"
  resolved "http://registry.npm.taobao.org/negotiator/download/negotiator-0.6.1.tgz#2b327184e8992101177b28563fb5e7102acd0ca9"

object-assign@^4.0.1:
  version "4.1.1"
  resolved "http://registry.npm.taobao.org/object-assign/download/object-assign-4.1.1.tgz#2109adc7965887cfc05cbbd442cac8bfbb360863"

on-finished@^2.1.0:
  version "2.3.0"
  resolved "http://registry.npm.taobao.org/on-finished/download/on-finished-2.3.0.tgz#20f1336481b083cd75337992a16971aa2d906947"
  dependencies:
    ee-first "1.1.1"

only@0.0.2:
  version "0.0.2"
  resolved "http://registry.npm.taobao.org/only/download/only-0.0.2.tgz#2afde84d03e50b9a8edc444e30610a70295edfb4"

optimist@^0.6.1:
  version "0.6.1"
  resolved "http://registry.npm.taobao.org/optimist/download/optimist-0.6.1.tgz#da3ea74686fa21a19a111c326e90eb15a0196686"
  dependencies:
    minimist "~0.0.1"
    wordwrap "~0.0.2"

parseurl@^1.3.0:
  version "1.3.2"
  resolved "http://registry.npm.taobao.org/parseurl/download/parseurl-1.3.2.tgz#fc289d4ed8993119460c156253262cdc8de65bf3"

path-is-absolute@1.0.1:
  version "1.0.1"
  resolved "http://registry.npm.taobao.org/path-is-absolute/download/path-is-absolute-1.0.1.tgz#174b9268735534ffbc7ace6bf53a5a9e1b5c5f5f"

repeat-string@^1.5.2:
  version "1.6.1"
  resolved "http://registry.npm.taobao.org/repeat-string/download/repeat-string-1.6.1.tgz#8dcae470e1c88abc2d600fff4a776286da75e637"

resolve-path@^1.4.0:
  version "1.4.0"
  resolved "http://registry.npm.taobao.org/resolve-path/download/resolve-path-1.4.0.tgz#c4bda9f5efb2fce65247873ab36bb4d834fe16f7"
  dependencies:
    http-errors "~1.6.2"
    path-is-absolute "1.0.1"

right-align@^0.1.1:
  version "0.1.3"
  resolved "http://registry.npm.taobao.org/right-align/download/right-align-0.1.3.tgz#61339b722fe6a3515689210d24e14c96148613ef"
  dependencies:
    align-text "^0.1.1"

robust-orientation@^1.1.2, robust-orientation@^1.1.3:
  version "1.1.3"
  resolved "https://registry.yarnpkg.com/robust-orientation/-/robust-orientation-1.1.3.tgz#daff5b00d3be4e60722f0e9c0156ef967f1c2049"
  dependencies:
    robust-scale "^1.0.2"
    robust-subtract "^1.0.0"
    robust-sum "^1.0.0"
    two-product "^1.0.2"

robust-scale@^1.0.2:
  version "1.0.2"
  resolved "https://registry.yarnpkg.com/robust-scale/-/robust-scale-1.0.2.tgz#775132ed09542d028e58b2cc79c06290bcf78c32"
  dependencies:
    two-product "^1.0.2"
    two-sum "^1.0.0"

robust-subtract@^1.0.0:
  version "1.0.0"
  resolved "https://registry.yarnpkg.com/robust-subtract/-/robust-subtract-1.0.0.tgz#e0b164e1ed8ba4e3a5dda45a12038348dbed3e9a"

robust-sum@^1.0.0:
  version "1.0.0"
  resolved "https://registry.yarnpkg.com/robust-sum/-/robust-sum-1.0.0.tgz#16646e525292b4d25d82757a286955e0bbfa53d9"

setprototypeof@1.0.3:
  version "1.0.3"
  resolved "http://registry.npm.taobao.org/setprototypeof/download/setprototypeof-1.0.3.tgz#66567e37043eeb4f04d91bd658c0cbefb55b8e04"

setprototypeof@1.1.0:
  version "1.1.0"
  resolved "https://registry.yarnpkg.com/setprototypeof/-/setprototypeof-1.1.0.tgz#d0bd85536887b6fe7c0d818cb962d9d91c54e656"

simplicial-complex@^1.0.0:
  version "1.0.0"
  resolved "https://registry.yarnpkg.com/simplicial-complex/-/simplicial-complex-1.0.0.tgz#6c33a4ed69fcd4d91b7bcadd3b30b63683eae241"
  dependencies:
    bit-twiddle "^1.0.0"
    union-find "^1.0.0"

simplify-js@^1.2.1:
  version "1.2.3"
  resolved "https://registry.yarnpkg.com/simplify-js/-/simplify-js-1.2.3.tgz#a3422c1b9884d60421345eb44d2b872662df27f5"

smooth-scrollbar@^8.2.7:
  version "8.2.7"
  resolved "http://registry.npm.taobao.org/smooth-scrollbar/download/smooth-scrollbar-8.2.7.tgz#41a3f84ee4677ae7a417081e3384e1e15ebcdb86"
  dependencies:
    core-js "^2.5.1"
    lodash-es "^4.17.4"
    tslib "^1.7.1"

source-map@^0.4.4:
  version "0.4.4"
  resolved "http://registry.npm.taobao.org/source-map/download/source-map-0.4.4.tgz#eba4f5da9c0dc999de68032d8b4f76173652036b"
  dependencies:
    amdefine ">=0.0.4"

source-map@~0.5.1:
  version "0.5.7"
  resolved "http://registry.npm.taobao.org/source-map/download/source-map-0.5.7.tgz#8a039d2d1021d22d1ea14c80d8ea468ba2ef3fcc"

"statuses@>= 1.3.1 < 2", statuses@^1.2.0:
  version "1.4.0"
  resolved "http://registry.npm.taobao.org/statuses/download/statuses-1.4.0.tgz#bb73d446da2796106efcc1b601a253d6c46bd087"

"statuses@>= 1.4.0 < 2":
  version "1.5.0"
  resolved "https://registry.yarnpkg.com/statuses/-/statuses-1.5.0.tgz#161c7dac177659fd9811f43771fa99381478628c"

system-text@^0.1.0:
  version "0.1.0"
  resolved "http://registry.npm.taobao.org/system-text/download/system-text-0.1.0.tgz#7b2c38ae3c237f316cff1542346a81433ff821c7"

systemjs-plugin-babel@^0.0.25:
  version "0.0.25"
  resolved "http://registry.npm.taobao.org/systemjs-plugin-babel/download/systemjs-plugin-babel-0.0.25.tgz#93bc92a58e3e9c5d1505c972c3eede570b770c65"

systemjs@^0.21.0:
  version "0.21.0"
  resolved "http://registry.npm.taobao.org/systemjs/download/systemjs-0.21.0.tgz#e3e61dd7beacaae421a52703c9679fb2543862f2"

thenify-all@^1.0.0:
  version "1.6.0"
  resolved "http://registry.npm.taobao.org/thenify-all/download/thenify-all-1.6.0.tgz#1a1918d402d8fc3f98fbf234db0bcc8cc10e9726"
  dependencies:
    thenify ">= 3.1.0 < 4"

"thenify@>= 3.1.0 < 4":
  version "3.3.0"
  resolved "http://registry.npm.taobao.org/thenify/download/thenify-3.3.0.tgz#e69e38a1babe969b0108207978b9f62b88604839"
  dependencies:
    any-promise "^1.0.0"

tslib@^1.7.1:
  version "1.9.0"
  resolved "http://registry.npm.taobao.org/tslib/download/tslib-1.9.0.tgz#e37a86fda8cbbaf23a057f473c9f4dc64e5fc2e8"

turf-along@^3.0.12:
  version "3.0.12"
  resolved "https://registry.yarnpkg.com/turf-along/-/turf-along-3.0.12.tgz#e622bde7a4bd138c09647d4b14aa0ea700485de6"
  dependencies:
    turf-bearing "^3.0.12"
    turf-destination "^3.0.12"
    turf-distance "^3.0.12"
    turf-helpers "^3.0.12"

turf-area@^3.0.12:
  version "3.0.12"
  resolved "https://registry.yarnpkg.com/turf-area/-/turf-area-3.0.12.tgz#9b7e469ef9fb558fd147bb0c214823263bdbf13c"
  dependencies:
    geojson-area "^0.2.1"

turf-bbox-polygon@^3.0.12:
  version "3.0.12"
  resolved "https://registry.yarnpkg.com/turf-bbox-polygon/-/turf-bbox-polygon-3.0.12.tgz#330dc0bb38322d61545df966ce6c80f685acf4f2"
  dependencies:
    turf-helpers "^3.0.12"

turf-bbox@^3.0.12:
  version "3.0.12"
  resolved "https://registry.yarnpkg.com/turf-bbox/-/turf-bbox-3.0.12.tgz#3fa06117c8443860ec80ac60fd5d2f1320bfb1be"
  dependencies:
    turf-meta "^3.0.12"

turf-bearing@^3.0.12:
  version "3.0.12"
  resolved "https://registry.yarnpkg.com/turf-bearing/-/turf-bearing-3.0.12.tgz#65f609dd850e7364c7771aa6ded87b0e1917fd20"
  dependencies:
    turf-invariant "^3.0.12"

turf-bezier@^3.0.12:
  version "3.0.12"
  resolved "https://registry.yarnpkg.com/turf-bezier/-/turf-bezier-3.0.12.tgz#102efdd4a63b265ee9c8c1727631920b36f4dd02"
  dependencies:
    turf-helpers "^3.0.12"

turf-buffer@^3.0.12:
  version "3.0.12"
  resolved "https://registry.yarnpkg.com/turf-buffer/-/turf-buffer-3.0.12.tgz#20840fe7c6aa67b24be1cab7ffcc5a82fd6bd971"
  dependencies:
    geojson-normalize "0.0.0"
    jsts "1.1.2"
    turf-combine "^3.0.12"
    turf-helpers "^3.0.12"

turf-center@^3.0.12:
  version "3.0.12"
  resolved "https://registry.yarnpkg.com/turf-center/-/turf-center-3.0.12.tgz#45dd6c1729bb867291e3e002e9c7506f8c440196"
  dependencies:
    turf-bbox "^3.0.12"
    turf-helpers "^3.0.12"

turf-centroid@^3.0.12:
  version "3.0.12"
  resolved "https://registry.yarnpkg.com/turf-centroid/-/turf-centroid-3.0.12.tgz#eaee0d698204b57fc33994bb1bc867b8da293f8f"
  dependencies:
    turf-helpers "^3.0.12"
    turf-meta "^3.0.12"

turf-circle@^3.0.12:
  version "3.0.12"
  resolved "https://registry.yarnpkg.com/turf-circle/-/turf-circle-3.0.12.tgz#140b21cb4950f2d3cbc70d2df012936867f58930"
  dependencies:
    turf-destination "^3.0.12"
    turf-helpers "^3.0.12"

turf-collect@^3.0.12:
  version "3.0.12"
  resolved "https://registry.yarnpkg.com/turf-collect/-/turf-collect-3.0.12.tgz#6e986d1a707da319cc83e7238d0bcdf19aa3c7f2"
  dependencies:
    turf-inside "^3.0.12"

turf-combine@^3.0.12:
  version "3.0.12"
  resolved "https://registry.yarnpkg.com/turf-combine/-/turf-combine-3.0.12.tgz#1670746f0fdce0d1ea8aa6a29ffe5438d446cf73"
  dependencies:
    turf-meta "^3.0.12"

turf-concave@^3.0.12:
  version "3.0.12"
  resolved "https://registry.yarnpkg.com/turf-concave/-/turf-concave-3.0.12.tgz#fcab6056965b0a8319f6cd802601095f2fd3a8eb"
  dependencies:
    turf-distance "^3.0.12"
    turf-meta "^3.0.12"
    turf-tin "^3.0.12"
    turf-union "^3.0.12"

turf-convex@^3.0.12:
  version "3.0.12"
  resolved "https://registry.yarnpkg.com/turf-convex/-/turf-convex-3.0.12.tgz#a88ddc3e22d1cb658796a9c85d3ada3bd3eca357"
  dependencies:
    convex-hull "^1.0.3"
    turf-helpers "^3.0.12"
    turf-meta "^3.0.12"

turf-destination@^3.0.12:
  version "3.0.12"
  resolved "https://registry.yarnpkg.com/turf-destination/-/turf-destination-3.0.12.tgz#7dd6fbf97e86f831a26c83ef2d5a2f8d1d8a6de2"
  dependencies:
    turf-helpers "^3.0.12"
    turf-invariant "^3.0.12"

turf-difference@^3.0.12:
  version "3.0.12"
  resolved "https://registry.yarnpkg.com/turf-difference/-/turf-difference-3.0.12.tgz#9c3d0d7630421005b8b25b7f068ed9efb4bc6ea7"
  dependencies:
    jsts "1.1.2"
    turf-helpers "^3.0.12"

turf-distance@^3.0.12:
  version "3.0.12"
  resolved "https://registry.yarnpkg.com/turf-distance/-/turf-distance-3.0.12.tgz#fb97b8705facd993b145e014b41862610eeca449"
  dependencies:
    turf-helpers "^3.0.12"
    turf-invariant "^3.0.12"

turf-envelope@^3.0.12:
  version "3.0.12"
  resolved "https://registry.yarnpkg.com/turf-envelope/-/turf-envelope-3.0.12.tgz#96921d278cc8c664692e320e2543b914080d786b"
  dependencies:
    turf-bbox "^3.0.12"
    turf-bbox-polygon "^3.0.12"

turf-explode@^3.0.12:
  version "3.0.12"
  resolved "https://registry.yarnpkg.com/turf-explode/-/turf-explode-3.0.12.tgz#c5ae28c284cd006c56511ec7d408c48a5414ecfe"
  dependencies:
    turf-helpers "^3.0.12"
    turf-meta "^3.0.12"

turf-flip@^3.0.12:
  version "3.0.12"
  resolved "https://registry.yarnpkg.com/turf-flip/-/turf-flip-3.0.12.tgz#deb868177b9ff3bb310c5d41aaac61a9156a3cbb"
  dependencies:
    turf-meta "^3.0.12"

turf-grid@1.0.1:
  version "1.0.1"
  resolved "https://registry.yarnpkg.com/turf-grid/-/turf-grid-1.0.1.tgz#b904abc564b939b627a66ac15eb16e053829b80f"
  dependencies:
    turf-point "^2.0.0"

turf-helpers@^3.0.12:
  version "3.0.12"
  resolved "https://registry.yarnpkg.com/turf-helpers/-/turf-helpers-3.0.12.tgz#dd4272e74b3ad7c96eecb7ae5c57fe8eca544b7b"

turf-hex-grid@^3.0.12:
  version "3.0.12"
  resolved "https://registry.yarnpkg.com/turf-hex-grid/-/turf-hex-grid-3.0.12.tgz#0698ef669020bb31d8e9cc2056d0abfcafc84e8f"
  dependencies:
    turf-distance "^3.0.12"
    turf-helpers "^3.0.12"

turf-inside@^3.0.12:
  version "3.0.12"
  resolved "https://registry.yarnpkg.com/turf-inside/-/turf-inside-3.0.12.tgz#9ba40fa6eed63bec7e7d88aa6427622c4df07066"
  dependencies:
    turf-invariant "^3.0.12"

turf-intersect@^3.0.12:
  version "3.0.12"
  resolved "https://registry.yarnpkg.com/turf-intersect/-/turf-intersect-3.0.12.tgz#c0d7fb305843a19275670057a39d268b17830d83"
  dependencies:
    jsts "1.1.2"

turf-invariant@^3.0.12:
  version "3.0.12"
  resolved "https://registry.yarnpkg.com/turf-invariant/-/turf-invariant-3.0.12.tgz#3b95253953991ebd962dd35d4f6704c287de8ebe"

turf-isolines@^3.0.12:
  version "3.0.12"
  resolved "https://registry.yarnpkg.com/turf-isolines/-/turf-isolines-3.0.12.tgz#00b233dfe2eebd4ecb47a94fc923c6ecec89c7ab"
  dependencies:
    turf-bbox "^3.0.12"
    turf-grid "1.0.1"
    turf-helpers "^3.0.12"
    turf-inside "^3.0.12"
    turf-planepoint "^3.0.12"
    turf-square "^3.0.12"
    turf-tin "^3.0.12"

turf-kinks@^3.0.12:
  version "3.0.12"
  resolved "https://registry.yarnpkg.com/turf-kinks/-/turf-kinks-3.0.12.tgz#e9c9a8dba5724d98f2350fc5bdeba069ec333755"
  dependencies:
    turf-helpers "^3.0.12"

turf-line-distance@^3.0.12:
  version "3.0.12"
  resolved "https://registry.yarnpkg.com/turf-line-distance/-/turf-line-distance-3.0.12.tgz#7108f5b26907f7b8c2dd1b3997866dd3a60e8f5f"
  dependencies:
    turf-distance "^3.0.12"
    turf-helpers "^3.0.12"

turf-line-slice@^3.0.12:
  version "3.0.12"
  resolved "https://registry.yarnpkg.com/turf-line-slice/-/turf-line-slice-3.0.12.tgz#f5f1accc92adae69ea1ac0b29f07529a28dde916"
  dependencies:
    turf-bearing "^3.0.12"
    turf-destination "^3.0.12"
    turf-distance "^3.0.12"
    turf-helpers "^3.0.12"
    turf-point-on-line "^3.0.12"

turf-meta@^3.0.12:
  version "3.0.12"
  resolved "https://registry.yarnpkg.com/turf-meta/-/turf-meta-3.0.12.tgz#0aa9a1caf82b2a5a08d54e0830b5b5a3fa0e8a38"

turf-midpoint@^3.0.12:
  version "3.0.12"
  resolved "https://registry.yarnpkg.com/turf-midpoint/-/turf-midpoint-3.0.12.tgz#b12765ae89acdee8556fd5e26c9c5fa041a02cbe"
  dependencies:
    turf-bearing "^3.0.12"
    turf-destination "^3.0.12"
    turf-distance "^3.0.12"
    turf-invariant "^3.0.12"

turf-nearest@^3.0.12:
  version "3.0.12"
  resolved "https://registry.yarnpkg.com/turf-nearest/-/turf-nearest-3.0.12.tgz#700207f4443f05096f86cd246f929f170dfaf46d"
  dependencies:
    turf-distance "^3.0.12"

turf-planepoint@^3.0.12:
  version "3.0.12"
  resolved "https://registry.yarnpkg.com/turf-planepoint/-/turf-planepoint-3.0.12.tgz#2c37ae0f17fcb30db6e38f0d59ee6c0dd6caa9af"

turf-point-grid@^3.0.12:
  version "3.0.12"
  resolved "https://registry.yarnpkg.com/turf-point-grid/-/turf-point-grid-3.0.12.tgz#d604978be10bc9e53306ae02cef7098431db4971"
  dependencies:
    turf-distance "^3.0.12"
    turf-helpers "^3.0.12"

turf-point-on-line@^3.0.12:
  version "3.0.12"
  resolved "https://registry.yarnpkg.com/turf-point-on-line/-/turf-point-on-line-3.0.12.tgz#1d8663354e70372db1863e6253e9040c47127b0f"
  dependencies:
    turf-bearing "^3.0.12"
    turf-destination "^3.0.12"
    turf-distance "^3.0.12"
    turf-helpers "^3.0.12"

turf-point-on-surface@^3.0.12:
  version "3.0.12"
  resolved "https://registry.yarnpkg.com/turf-point-on-surface/-/turf-point-on-surface-3.0.12.tgz#9be505b6b0ba78e98565001de3b3a4267115240a"
  dependencies:
    turf-center "^3.0.12"
    turf-distance "^3.0.12"
    turf-explode "^3.0.12"
    turf-helpers "^3.0.12"
    turf-inside "^3.0.12"

turf-point@^2.0.0:
  version "2.0.1"
  resolved "https://registry.yarnpkg.com/turf-point/-/turf-point-2.0.1.tgz#a2dcc30a2d20f44cf5c6271df7bae2c0e2146069"
  dependencies:
    minimist "^1.1.0"

turf-random@^3.0.12:
  version "3.0.12"
  resolved "https://registry.yarnpkg.com/turf-random/-/turf-random-3.0.12.tgz#34dbb141c3f1eaeae1424fd6c5eaba1f6fb9b1e8"
  dependencies:
    geojson-random "^0.2.2"

turf-sample@^3.0.12:
  version "3.0.12"
  resolved "https://registry.yarnpkg.com/turf-sample/-/turf-sample-3.0.12.tgz#7949f8620612047e1314c1ced87e99c142463cd2"
  dependencies:
    turf-helpers "^3.0.12"

turf-simplify@^3.0.12:
  version "3.0.12"
  resolved "https://registry.yarnpkg.com/turf-simplify/-/turf-simplify-3.0.12.tgz#85e443c8b46aa2b7526389444c7381daa2ad19e7"
  dependencies:
    simplify-js "^1.2.1"

turf-square-grid@^3.0.12:
  version "3.0.12"
  resolved "https://registry.yarnpkg.com/turf-square-grid/-/turf-square-grid-3.0.12.tgz#3c1d80ac14556c6813b478bda012512ed4b93ec8"
  dependencies:
    turf-distance "^3.0.12"
    turf-helpers "^3.0.12"

turf-square@^3.0.12:
  version "3.0.12"
  resolved "https://registry.yarnpkg.com/turf-square/-/turf-square-3.0.12.tgz#1a38b1e0fb05ffe0fcaa43188e2f37942a515b64"
  dependencies:
    turf-distance "^3.0.12"
    turf-helpers "^3.0.12"

turf-tag@^3.0.12:
  version "3.0.12"
  resolved "https://registry.yarnpkg.com/turf-tag/-/turf-tag-3.0.12.tgz#2284fff0e8a1e92a27d4ac7fd7471b3c48ddd1a8"
  dependencies:
    turf-inside "^3.0.12"

turf-tesselate@^3.0.12:
  version "3.0.12"
  resolved "https://registry.yarnpkg.com/turf-tesselate/-/turf-tesselate-3.0.12.tgz#41474b7b5b3820bcf273fb71e1894d8c3cd40d35"
  dependencies:
    earcut "^2.0.0"
    turf-helpers "^3.0.12"

turf-tin@^3.0.12:
  version "3.0.12"
  resolved "https://registry.yarnpkg.com/turf-tin/-/turf-tin-3.0.12.tgz#b6534644763ace1c9df241c958d2384855257385"
  dependencies:
    turf-helpers "^3.0.12"

turf-triangle-grid@^3.0.12:
  version "3.0.12"
  resolved "https://registry.yarnpkg.com/turf-triangle-grid/-/turf-triangle-grid-3.0.12.tgz#80647e57dafe09346879a29a18a0e6294acf1159"
  dependencies:
    turf-distance "^3.0.12"
    turf-helpers "^3.0.12"

turf-union@^3.0.12:
  version "3.0.12"
  resolved "https://registry.yarnpkg.com/turf-union/-/turf-union-3.0.12.tgz#dfed0e5540b8c2855e4994c14621e3a60c829c8e"
  dependencies:
    jsts "1.1.2"

turf-within@^3.0.12:
  version "3.0.12"
  resolved "https://registry.yarnpkg.com/turf-within/-/turf-within-3.0.12.tgz#f77eeaf377238561b7fb1338e76e9d1298741f94"
  dependencies:
    turf-helpers "^3.0.12"
    turf-inside "^3.0.12"

turf@^3.0.14:
  version "3.0.14"
  resolved "http://registry.npmjs.org/turf/-/turf-3.0.14.tgz#eb2f4a80a2d583b8c6486bc7b5c7190466866c27"
  dependencies:
    turf-along "^3.0.12"
    turf-area "^3.0.12"
    turf-bbox "^3.0.12"
    turf-bbox-polygon "^3.0.12"
    turf-bearing "^3.0.12"
    turf-bezier "^3.0.12"
    turf-buffer "^3.0.12"
    turf-center "^3.0.12"
    turf-centroid "^3.0.12"
    turf-circle "^3.0.12"
    turf-collect "^3.0.12"
    turf-combine "^3.0.12"
    turf-concave "^3.0.12"
    turf-convex "^3.0.12"
    turf-destination "^3.0.12"
    turf-difference "^3.0.12"
    turf-distance "^3.0.12"
    turf-envelope "^3.0.12"
    turf-explode "^3.0.12"
    turf-flip "^3.0.12"
    turf-helpers "^3.0.12"
    turf-hex-grid "^3.0.12"
    turf-inside "^3.0.12"
    turf-intersect "^3.0.12"
    turf-isolines "^3.0.12"
    turf-kinks "^3.0.12"
    turf-line-distance "^3.0.12"
    turf-line-slice "^3.0.12"
    turf-meta "^3.0.12"
    turf-midpoint "^3.0.12"
    turf-nearest "^3.0.12"
    turf-planepoint "^3.0.12"
    turf-point-grid "^3.0.12"
    turf-point-on-line "^3.0.12"
    turf-point-on-surface "^3.0.12"
    turf-random "^3.0.12"
    turf-sample "^3.0.12"
    turf-simplify "^3.0.12"
    turf-square "^3.0.12"
    turf-square-grid "^3.0.12"
    turf-tag "^3.0.12"
    turf-tesselate "^3.0.12"
    turf-tin "^3.0.12"
    turf-triangle-grid "^3.0.12"
    turf-union "^3.0.12"
    turf-within "^3.0.12"

two-product@^1.0.2:
  version "1.0.2"
  resolved "https://registry.yarnpkg.com/two-product/-/two-product-1.0.2.tgz#67d95d4b257a921e2cb4bd7af9511f9088522eaa"

two-sum@^1.0.0:
  version "1.0.0"
  resolved "https://registry.yarnpkg.com/two-sum/-/two-sum-1.0.0.tgz#31d3f32239e4f731eca9df9155e2b297f008ab64"

type-is@^1.5.5:
  version "1.6.16"
  resolved "http://registry.npm.taobao.org/type-is/download/type-is-1.6.16.tgz#f89ce341541c672b25ee7ae3c73dee3b2be50194"
  dependencies:
    media-typer "0.3.0"
    mime-types "~2.1.18"

uglify-js@^2.6:
  version "2.8.29"
  resolved "http://registry.npm.taobao.org/uglify-js/download/uglify-js-2.8.29.tgz#29c5733148057bb4e1f75df35b7a9cb72e6a59dd"
  dependencies:
    source-map "~0.5.1"
    yargs "~3.10.0"
  optionalDependencies:
    uglify-to-browserify "~1.0.0"

uglify-to-browserify@~1.0.0:
  version "1.0.2"
  resolved "http://registry.npm.taobao.org/uglify-to-browserify/download/uglify-to-browserify-1.0.2.tgz#6e0924d6bda6b5afe349e39a6d632850a0f882b7"

ulid@^2.3.0:
  version "2.3.0"
  resolved "http://registry.npm.taobao.org/ulid/download/ulid-2.3.0.tgz#93063522771a9774121a84d126ecd3eb9804071f"

union-find@^1.0.0:
  version "1.0.2"
  resolved "https://registry.yarnpkg.com/union-find/-/union-find-1.0.2.tgz#292bac415e6ad3a89535d237010db4a536284e58"

uuid@^3.2.1:
  version "3.2.1"
  resolved "http://registry.npm.taobao.org/uuid/download/uuid-3.2.1.tgz#12c528bb9d58d0b9265d9a2f6f0fe8be17ff1f14"

vary@^1.0.0:
  version "1.1.2"
  resolved "http://registry.npm.taobao.org/vary/download/vary-1.1.2.tgz#2299f02c6ded30d4a5961b0b9f74524a18f634fc"

wgs84@0.0.0:
  version "0.0.0"
  resolved "http://registry.npm.taobao.org/wgs84/download/wgs84-0.0.0.tgz#34fdc555917b6e57cf2a282ed043710c049cdc76"

window-size@0.1.0:
  version "0.1.0"
  resolved "http://registry.npm.taobao.org/window-size/download/window-size-0.1.0.tgz#5438cd2ea93b202efa3a19fe8887aee7c94f9c9d"

wordwrap@0.0.2:
  version "0.0.2"
  resolved "http://registry.npm.taobao.org/wordwrap/download/wordwrap-0.0.2.tgz#b79669bb42ecb409f83d583cad52ca17eaa1643f"

wordwrap@~0.0.2:
  version "0.0.3"
  resolved "http://registry.npm.taobao.org/wordwrap/download/wordwrap-0.0.3.tgz#a3d5da6cd5c0bc0008d37234bbaf1bed63059107"

yargs@~3.10.0:
  version "3.10.0"
  resolved "http://registry.npm.taobao.org/yargs/download/yargs-3.10.0.tgz#f7ee7bd857dd7c1d2d38c0e74efbd681d1431fd1"
  dependencies:
    camelcase "^1.0.2"
    cliui "^2.1.0"
    decamelize "^1.0.0"
    window-size "0.1.0"

yarn@^1.7.0:
  version "1.7.0"
  resolved "https://registry.yarnpkg.com/yarn/-/yarn-1.7.0.tgz#0076b9fde6010e01950526a609bc53bc175ef925"

zrender@4.0.3:
  version "4.0.3"
  resolved "http://registry.npm.taobao.org/zrender/download/zrender-4.0.3.tgz#801ef001101750a61857f84e64c4d5fb3c88cca7"
